
Microsoft Visual Studio Solution File, Format Version 12.00
Project("{FAE04EC0-301F-11D3-BF4B-00C04F79EFBC}") = "SportsEquipmentManagementProject", "SportsEquipmentManagementProject\SportsEquipmentManagementProject.csproj", "{2EB7FB6F-E014-4A61-8779-4B0A12296178}"
EndProject
Global
	GlobalSection(SolutionConfigurationPlatforms) = preSolution
		Debug|Any CPU = Debug|Any CPU
		Release|Any CPU = Release|Any CPU
	EndGlobalSection
	GlobalSection(ProjectConfigurationPlatforms) = postSolution
		{2EB7FB6F-E014-4A61-8779-4B0A12296178}.Debug|Any CPU.ActiveCfg = Debug|Any CPU
		{2EB7FB6F-E014-4A61-8779-4B0A12296178}.Debug|Any CPU.Build.0 = Debug|Any CPU
		{2EB7FB6F-E014-4A61-8779-4B0A12296178}.Release|Any CPU.ActiveCfg = Release|Any CPU
		{2EB7FB6F-E014-4A61-8779-4B0A12296178}.Release|Any CPU.Build.0 = Release|Any CPU
	EndGlobalSection
EndGlobal
